
Microsoft Visual Studio Solution File, Format Version 12.00
# Visual Studio 15
VisualStudioVersion = 15.0.27004.2008
MinimumVisualStudioVersion = 10.0.40219.1
Project("{FAE04EC0-301F-11D3-BF4B-00C04F79EFBC}") = "dpapanek", "dpapanek\dpapanek.csproj", "{65DDA213-ADB7-426C-AD0F-F9CC8588B907}"
EndProject
Global
	GlobalSection(SolutionConfigurationPlatforms) = preSolution
		Debug|Any CPU = Debug|Any CPU
		Release|Any CPU = Release|Any CPU
	EndGlobalSection
	GlobalSection(ProjectConfigurationPlatforms) = postSolution
		{65DDA213-ADB7-426C-AD0F-F9CC8588B907}.Debug|Any CPU.ActiveCfg = Debug|Any CPU
		{65DDA213-ADB7-426C-AD0F-F9CC8588B907}.Debug|Any CPU.Build.0 = Debug|Any CPU
		{65DDA213-ADB7-426C-AD0F-F9CC8588B907}.Release|Any CPU.ActiveCfg = Release|Any CPU
		{65DDA213-ADB7-426C-AD0F-F9CC8588B907}.Release|Any CPU.Build.0 = Release|Any CPU
	EndGlobalSection
	GlobalSection(SolutionProperties) = preSolution
		HideSolutionNode = FALSE
	EndGlobalSection
	GlobalSection(ExtensibilityGlobals) = postSolution
		SolutionGuid = {778D06AB-6A55-41D3-85C1-7B7C5EBB68D8}
	EndGlobalSection
EndGlobal
